schema: '2.0'
stages:
  train_A:
    cmd:
    - python src/models/train_A.py
    deps:
    - path: data/Raw/train_sexist.csv
      hash: md5
      md5: 2d0a3520ddc5c39f42d5437cf8f7d57b
      size: 2055739
    - path: src/models/train_A.py
      hash: md5
      md5: 1e456cef81f8c005c278dacfd637ca77
      size: 2328
    outs:
    - path: models/train_A.pkl
      hash: md5
      md5: 41b8741930ae93bfacc4cde8056be40b
      size: 4412528
  validation_A:
    cmd:
    - python src/models/validation_A.py
    deps:
    - path: data/Raw/dev_sexist.csv
      hash: md5
      md5: e9e89d805effdd5eb958cbb4b7cdc857
      size: 289155
    - path: models/train_A.pkl
      hash: md5
      md5: d321ca37c16a3a1e368d7ed30901db19
      size: 4412527
    - path: src/models/validation_A.py
      hash: md5
      md5: fc275026071c0d13ab103f2145dd199d
      size: 1837
    outs:
    - path: models/validation_A.pkl
      hash: md5
      md5: e44de1e50f1077b088d2bad4ddbe91d8
      size: 8828533
  test_A:
    cmd:
    - python src/models/test_A.py
    deps:
    - path: data/Raw/test_sexist.csv
      hash: md5
      md5: f1e28b6bf85bbb7dfd7acba50b9b2874
      size: 578709
    - path: models/validation_A.pkl
      hash: md5
      md5: efb3c487c0cf84b2766e4ac8c3acbbdd
      size: 8828533
    - path: src/models/test_A.py
      hash: md5
      md5: 848632becb834572ebec0731d228a6a0
      size: 695
  train_B:
    cmd:
    - python src/models/train_B.py
    deps:
    - path: data/Raw/train_category.csv
      hash: md5
      md5: acea1359bd0ad532cc7ef74aacecaf03
      size: 549295
    - path: src/models/train_B.py
      hash: md5
      md5: cfb46a43b2724faf6319385f7ee61819
      size: 2230
    outs:
    - path: models/train_B.pkl
      hash: md5
      md5: d0f7934ff50a454f65b376169c8e2df4
      size: 2834218
  validation_B:
    cmd:
    - python src/models/validation_B.py
    deps:
    - path: data/Raw/dev_category.csv
      hash: md5
      md5: 8afb4940c4da8d465f387903b39495b7
      size: 79250
    - path: models/train_B.pkl
      hash: md5
      md5: dcd91e63377de509a7868d85ad4edb6a
      size: 2834217
    - path: src/models/validation_B.py
      hash: md5
      md5: 16c051e402ba0819349f976e159ba932
      size: 1982
    outs:
    - path: models/validation_B.pkl
      hash: md5
      md5: 0269d6bed967f334e01526e100d5bc2b
      size: 2834217
  test_B:
    cmd:
    - python src/models/test_B.py
    deps:
    - path: data/Raw/test_category.csv
      hash: md5
      md5: 6b766771902f776b7e21aa3e13e0891b
      size: 156106
    - path: models/validation_B.pkl
      hash: md5
      md5: 781e00deeff06c1f0c4373734efc39e4
      size: 2834217
    - path: src/models/test_B.py
      hash: md5
      md5: fda6c8f91b6a3a0b0c9f1cfa075ddb63
      size: 678
